version = 1
revision = 3
requires-python = "==3.14.*"

[[package]]
name = "choreographer"
version = "1.2.1"
source = { registry = "https://pypi.tuna.tsinghua.edu.cn/simple" }
dependencies = [
    { name = "logistro" },
    { name = "simplejson" },
]
sdist = { url = "https://pypi.tuna.tsinghua.edu.cn/packages/74/47/64a035c6f764450ea9f902cbeba14c8c70316c2641125510066d8f912bfa/choreographer-1.2.1.tar.gz", hash = "sha256:022afd72b1e9b0bcb950420b134e70055a294c791b6f36cfb47d89745b701b5f", size = 43399, upload-time = "2025-11-09T23:04:44.749Z" }
wheels = [
    { url = "https://pypi.tuna.tsinghua.edu.cn/packages/b7/9f/d73dfb85d7a5b1a56a99adc50f2074029468168c970ff5daeade4ad819e4/choreographer-1.2.1-py3-none-any.whl", hash = "sha256:9af5385effa3c204dbc337abf7ac74fd8908ced326a15645dc31dde75718c77e", size = 49338, upload-time = "2025-11-09T23:04:43.154Z" },
]

[[package]]
name = "colorama"
version = "0.4.6"
source = { registry = "https://pypi.tuna.tsinghua.edu.cn/simple" }
sdist = { url = "https://pypi.tuna.tsinghua.edu.cn/packages/d8/53/6f443c9a4a8358a93a6792e2acffb9d9d5cb0a5cfd8802644b7b1c9a02e4/colorama-0.4.6.tar.gz", hash = "sha256:08695f5cb7ed6e0531a20572697297273c47b8cae5a63ffc6d6ed5c201be6e44", size = 27697, upload-time = "2022-10-25T02:36:22.414Z" }
wheels = [
    { url = "https://pypi.tuna.tsinghua.edu.cn/packages/d1/d6/3965ed04c63042e047cb6a3e6ed1a63a35087b6a609aa3a15ed8ac56c221/colorama-0.4.6-py2.py3-none-any.whl", hash = "sha256:4f1d9991f5acc0ca119f9d443620b77f9d6b33703e51011c16baf57afb285fc6", size = 25335, upload-time = "2022-10-25T02:36:20.889Z" },
]

[[package]]
name = "iniconfig"
version = "2.3.0"
source = { registry = "https://pypi.tuna.tsinghua.edu.cn/simple" }
sdist = { url = "https://pypi.tuna.tsinghua.edu.cn/packages/72/34/14ca021ce8e5dfedc35312d08ba8bf51fdd999c576889fc2c24cb97f4f10/iniconfig-2.3.0.tar.gz", hash = "sha256:c76315c77db068650d49c5b56314774a7804df16fee4402c1f19d6d15d8c4730", size = 20503, upload-time = "2025-10-18T21:55:43.219Z" }
wheels = [
    { url = "https://pypi.tuna.tsinghua.edu.cn/packages/cb/b1/3846dd7f199d53cb17f49cba7e651e9ce294d8497c8c150530ed11865bb8/iniconfig-2.3.0-py3-none-any.whl", hash = "sha256:f631c04d2c48c52b84d0d0549c99ff3859c98df65b3101406327ecc7d53fbf12", size = 7484, upload-time = "2025-10-18T21:55:41.639Z" },
]

[[package]]
name = "kaleido"
version = "1.2.0"
source = { registry = "https://pypi.tuna.tsinghua.edu.cn/simple" }
dependencies = [
    { name = "choreographer" },
    { name = "logistro" },
    { name = "orjson" },
    { name = "packaging" },
    { name = "pytest-timeout" },
]
sdist = { url = "https://pypi.tuna.tsinghua.edu.cn/packages/38/ad/76eec859b71eda803a88ea50ed3f270281254656bb23d19eb0a39aa706a0/kaleido-1.2.0.tar.gz", hash = "sha256:fa621a14423e8effa2895a2526be00af0cf21655be1b74b7e382c171d12e71ef", size = 64160, upload-time = "2025-11-04T21:24:23.833Z" }
wheels = [
    { url = "https://pypi.tuna.tsinghua.edu.cn/packages/4b/97/f6de8d4af54d6401d6581a686cce3e3e2371a79ba459a449104e026c08bc/kaleido-1.2.0-py3-none-any.whl", hash = "sha256:c27ed82b51df6b923d0e656feac221343a0dbcd2fb9bc7e6b1db97f61e9a1513", size = 68997, upload-time = "2025-11-04T21:24:21.704Z" },
]

[[package]]
name = "logistro"
version = "2.0.1"
source = { registry = "https://pypi.tuna.tsinghua.edu.cn/simple" }
sdist = { url = "https://pypi.tuna.tsinghua.edu.cn/packages/08/90/bfd7a6fab22bdfafe48ed3c4831713cb77b4779d18ade5e248d5dbc0ca22/logistro-2.0.1.tar.gz", hash = "sha256:8446affc82bab2577eb02bfcbcae196ae03129287557287b6a070f70c1985047", size = 8398, upload-time = "2025-11-01T02:41:18.81Z" }
wheels = [
    { url = "https://pypi.tuna.tsinghua.edu.cn/packages/54/20/6aa79ba3570bddd1bf7e951c6123f806751e58e8cce736bad77b2cf348d7/logistro-2.0.1-py3-none-any.whl", hash = "sha256:06ffa127b9fb4ac8b1972ae6b2a9d7fde57598bf5939cd708f43ec5bba2d31eb", size = 8555, upload-time = "2025-11-01T02:41:17.587Z" },
]

[[package]]
name = "narwhals"
version = "2.18.0"
source = { registry = "https://pypi.tuna.tsinghua.edu.cn/simple" }
sdist = { url = "https://pypi.tuna.tsinghua.edu.cn/packages/47/b4/02a8add181b8d2cd5da3b667cd102ae536e8c9572ab1a130816d70a89edb/narwhals-2.18.0.tar.gz", hash = "sha256:1de5cee338bc17c338c6278df2c38c0dd4290499fcf70d75e0a51d5f22a6e960", size = 620222, upload-time = "2026-03-10T15:51:27.14Z" }
wheels = [
    { url = "https://pypi.tuna.tsinghua.edu.cn/packages/fe/75/0b4a10da17a44cf13567d08a9c7632a285297e46253263f1ae119129d10a/narwhals-2.18.0-py3-none-any.whl", hash = "sha256:68378155ee706ac9c5b25868ef62ecddd62947b6df7801a0a156bc0a615d2d0d", size = 444865, upload-time = "2026-03-10T15:51:24.085Z" },
]

[[package]]
name = "orjson"
version = "3.11.7"
source = { registry = "https://pypi.tuna.tsinghua.edu.cn/simple" }
sdist = { url = "https://pypi.tuna.tsinghua.edu.cn/packages/53/45/b268004f745ede84e5798b48ee12b05129d19235d0e15267aa57dcdb400b/orjson-3.11.7.tar.gz", hash = "sha256:9b1a67243945819ce55d24a30b59d6a168e86220452d2c96f4d1f093e71c0c49", size = 6144992, upload-time = "2026-02-02T15:38:49.29Z" }
wheels = [
    { url = "https://pypi.tuna.tsinghua.edu.cn/packages/e9/1e/745565dca749813db9a093c5ebc4bac1a9475c64d54b95654336ac3ed961/orjson-3.11.7-cp314-cp314-macosx_10_15_x86_64.macosx_11_0_arm64.macosx_10_15_universal2.whl", hash = "sha256:de0a37f21d0d364954ad5de1970491d7fbd0fb1ef7417d4d56a36dc01ba0c0a0", size = 228391, upload-time = "2026-02-02T15:38:27.757Z" },
    { url = "https://pypi.tuna.tsinghua.edu.cn/packages/46/19/e40f6225da4d3aa0c8dc6e5219c5e87c2063a560fe0d72a88deb59776794/orjson-3.11.7-cp314-cp314-macosx_15_0_arm64.whl", hash = "sha256:c2428d358d85e8da9d37cba18b8c4047c55222007a84f97156a5b22028dfbfc0", size = 125188, upload-time = "2026-02-02T15:38:29.241Z" },
    { url = "https://pypi.tuna.tsinghua.edu.cn/packages/9d/7e/c4de2babef2c0817fd1f048fd176aa48c37bec8aef53d2fa932983032cce/orjson-3.11.7-cp314-cp314-manylinux_2_17_aarch64.manylinux2014_aarch64.whl", hash = "sha256:3c4bc6c6ac52cdaa267552544c73e486fecbd710b7ac09bc024d5a78555a22f6", size = 128097, upload-time = "2026-02-02T15:38:30.618Z" },
    { url = "https://pypi.tuna.tsinghua.edu.cn/packages/eb/74/233d360632bafd2197f217eee7fb9c9d0229eac0c18128aee5b35b0014fe/orjson-3.11.7-cp314-cp314-manylinux_2_17_armv7l.manylinux2014_armv7l.whl", hash = "sha256:bd0d68edd7dfca1b2eca9361a44ac9f24b078de3481003159929a0573f21a6bf", size = 123364, upload-time = "2026-02-02T15:38:32.363Z" },
    { url = "https://pypi.tuna.tsinghua.edu.cn/packages/79/51/af79504981dd31efe20a9e360eb49c15f06df2b40e7f25a0a52d9ae888e8/orjson-3.11.7-cp314-cp314-manylinux_2_17_i686.manylinux2014_i686.whl", hash = "sha256:623ad1b9548ef63886319c16fa317848e465a21513b31a6ad7b57443c3e0dcf5", size = 129076, upload-time = "2026-02-02T15:38:33.68Z" },
    { url = "https://pypi.tuna.tsinghua.edu.cn/packages/67/e2/da898eb68b72304f8de05ca6715870d09d603ee98d30a27e8a9629abc64b/orjson-3.11.7-cp314-cp314-manylinux_2_17_ppc64le.manylinux2014_ppc64le.whl", hash = "sha256:6e776b998ac37c0396093d10290e60283f59cfe0fc3fccbd0ccc4bd04dd19892", size = 141705, upload-time = "2026-02-02T15:38:34.989Z" },
    { url = "https://pypi.tuna.tsinghua.edu.cn/packages/c5/89/15364d92acb3d903b029e28d834edb8780c2b97404cbf7929aa6b9abdb24/orjson-3.11.7-cp314-cp314-manylinux_2_17_s390x.manylinux2014_s390x.whl", hash = "sha256:652c6c3af76716f4a9c290371ba2e390ede06f6603edb277b481daf37f6f464e", size = 130855, upload-time = "2026-02-02T15:38:36.379Z" },
    { url = "https://pypi.tuna.tsinghua.edu.cn/packages/c2/8b/ecdad52d0b38d4b8f514be603e69ccd5eacf4e7241f972e37e79792212ec/orjson-3.11.7-cp314-cp314-manylinux_2_17_x86_64.manylinux2014_x86_64.whl", hash = "sha256:a56df3239294ea5964adf074c54bcc4f0ccd21636049a2cf3ca9cf03b5d03cf1", size = 133386, upload-time = "2026-02-02T15:38:37.704Z" },
    { url = "https://pypi.tuna.tsinghua.edu.cn/packages/b9/0e/45e1dcf10e17d0924b7c9162f87ec7b4ca79e28a0548acf6a71788d3e108/orjson-3.11.7-cp314-cp314-musllinux_1_2_aarch64.whl", hash = "sha256:bda117c4148e81f746655d5a3239ae9bd00cb7bc3ca178b5fc5a5997e9744183", size = 138295, upload-time = "2026-02-02T15:38:39.096Z" },
    { url = "https://pypi.tuna.tsinghua.edu.cn/packages/63/d7/4d2e8b03561257af0450f2845b91fbd111d7e526ccdf737267108075e0ba/orjson-3.11.7-cp314-cp314-musllinux_1_2_armv7l.whl", hash = "sha256:23d6c20517a97a9daf1d48b580fcdc6f0516c6f4b5038823426033690b4d2650", size = 408720, upload-time = "2026-02-02T15:38:40.634Z" },
    { url = "https://pypi.tuna.tsinghua.edu.cn/packages/78/cf/d45343518282108b29c12a65892445fc51f9319dc3c552ceb51bb5905ed2/orjson-3.11.7-cp314-cp314-musllinux_1_2_i686.whl", hash = "sha256:8ff206156006da5b847c9304b6308a01e8cdbc8cce824e2779a5ba71c3def141", size = 144152, upload-time = "2026-02-02T15:38:42.262Z" },
    { url = "https://pypi.tuna.tsinghua.edu.cn/packages/a9/3a/d6001f51a7275aacd342e77b735c71fa04125a3f93c36fee4526bc8c654e/orjson-3.11.7-cp314-cp314-musllinux_1_2_x86_64.whl", hash = "sha256:962d046ee1765f74a1da723f4b33e3b228fe3a48bd307acce5021dfefe0e29b2", size = 134814, upload-time = "2026-02-02T15:38:43.627Z" },
    { url = "https://pypi.tuna.tsinghua.edu.cn/packages/1d/d3/f19b47ce16820cc2c480f7f1723e17f6d411b3a295c60c8ad3aa9ff1c96a/orjson-3.11.7-cp314-cp314-win32.whl", hash = "sha256:89e13dd3f89f1c38a9c9eba5fbf7cdc2d1feca82f5f290864b4b7a6aac704576", size = 127997, upload-time = "2026-02-02T15:38:45.06Z" },
    { url = "https://pypi.tuna.tsinghua.edu.cn/packages/12/df/172771902943af54bf661a8d102bdf2e7f932127968080632bda6054b62c/orjson-3.11.7-cp314-cp314-win_amd64.whl", hash = "sha256:845c3e0d8ded9c9271cd79596b9b552448b885b97110f628fb687aee2eed11c1", size = 124985, upload-time = "2026-02-02T15:38:46.388Z" },
    { url = "https://pypi.tuna.tsinghua.edu.cn/packages/6f/1c/f2a8d8a1b17514660a614ce5f7aac74b934e69f5abc2700cc7ced882a009/orjson-3.11.7-cp314-cp314-win_arm64.whl", hash = "sha256:4a2e9c5be347b937a2e0203866f12bba36082e89b402ddb9e927d5822e43088d", size = 126038, upload-time = "2026-02-02T15:38:47.703Z" },
]

[[package]]
name = "pa-pattern-quant"
version = "0.1.0"
source = { virtual = "." }
dependencies = [
    { name = "kaleido" },
    { name = "plotly" },
    { name = "polars" },
]

[package.dev-dependencies]
dev = [
    { name = "pyyaml" },
]

[package.metadata]
requires-dist = [
    { name = "kaleido", specifier = ">=1.2.0" },
    { name = "plotly", specifier = ">=6.6.0" },
    { name = "polars", specifier = ">=1.39.0" },
]

[package.metadata.requires-dev]
dev = [{ name = "pyyaml", specifier = ">=6.0.3" }]

[[package]]
name = "packaging"
version = "26.0"
source = { registry = "https://pypi.tuna.tsinghua.edu.cn/simple" }
sdist = { url = "https://pypi.tuna.tsinghua.edu.cn/packages/65/ee/299d360cdc32edc7d2cf530f3accf79c4fca01e96ffc950d8a52213bd8e4/packaging-26.0.tar.gz", hash = "sha256:00243ae351a257117b6a241061796684b084ed1c516a08c48a3f7e147a9d80b4", size = 143416, upload-time = "2026-01-21T20:50:39.064Z" }
wheels = [
    { url = "https://pypi.tuna.tsinghua.edu.cn/packages/b7/b9/c538f279a4e237a006a2c98387d081e9eb060d203d8ed34467cc0f0b9b53/packaging-26.0-py3-none-any.whl", hash = "sha256:b36f1fef9334a5588b4166f8bcd26a14e521f2b55e6b9de3aaa80d3ff7a37529", size = 74366, upload-time = "2026-01-21T20:50:37.788Z" },
]

[[package]]
name = "plotly"
version = "6.6.0"
source = { registry = "https://pypi.tuna.tsinghua.edu.cn/simple" }
dependencies = [
    { name = "narwhals" },
    { name = "packaging" },
]
sdist = { url = "https://pypi.tuna.tsinghua.edu.cn/packages/24/fb/41efe84970cfddefd4ccf025e2cbfafe780004555f583e93dba3dac2cdef/plotly-6.6.0.tar.gz", hash = "sha256:b897f15f3b02028d69f755f236be890ba950d0a42d7dfc619b44e2d8cea8748c", size = 7027956, upload-time = "2026-03-02T21:10:25.321Z" }
wheels = [
    { url = "https://pypi.tuna.tsinghua.edu.cn/packages/52/d2/c6e44dba74f17c6216ce1b56044a9b93a929f1c2d5bdaff892512b260f5e/plotly-6.6.0-py3-none-any.whl", hash = "sha256:8d6daf0f87412e0c0bfe72e809d615217ab57cc715899a1e5145135a7800d1d0", size = 9910315, upload-time = "2026-03-02T21:10:18.131Z" },
]

[[package]]
name = "pluggy"
version = "1.6.0"
source = { registry = "https://pypi.tuna.tsinghua.edu.cn/simple" }
sdist = { url = "https://pypi.tuna.tsinghua.edu.cn/packages/f9/e2/3e91f31a7d2b083fe6ef3fa267035b518369d9511ffab804f839851d2779/pluggy-1.6.0.tar.gz", hash = "sha256:7dcc130b76258d33b90f61b658791dede3486c3e6bfb003ee5c9bfb396dd22f3", size = 69412, upload-time = "2025-05-15T12:30:07.975Z" }
wheels = [
    { url = "https://pypi.tuna.tsinghua.edu.cn/packages/54/20/4d324d65cc6d9205fabedc306948156824eb9f0ee1633355a8f7ec5c66bf/pluggy-1.6.0-py3-none-any.whl", hash = "sha256:e920276dd6813095e9377c0bc5566d94c932c33b27a3e3945d8389c374dd4746", size = 20538, upload-time = "2025-05-15T12:30:06.134Z" },
]

[[package]]
name = "polars"
version = "1.39.0"
source = { registry = "https://pypi.tuna.tsinghua.edu.cn/simple" }
dependencies = [
    { name = "polars-runtime-32" },
]
sdist = { url = "https://pypi.tuna.tsinghua.edu.cn/packages/ab/b8/3a6a5b85e34af7936620f331f04f8bed235625439f5bd80832f968648618/polars-1.39.0.tar.gz", hash = "sha256:e63a25fb7682ae660e36067915a7c71a653b17f82308a8eb67a190a80daf0710", size = 728783, upload-time = "2026-03-12T14:24:47.876Z" }
wheels = [
    { url = "https://pypi.tuna.tsinghua.edu.cn/packages/a7/f8/fad8470d9701c1b208cc24919a661efdf565373e77e7d06400642a759285/polars-1.39.0-py3-none-any.whl", hash = "sha256:4d1198b41bc47561673d9f54d0f595125202a3f53e3502821802958d3e60efe9", size = 823938, upload-time = "2026-03-12T14:22:37.78Z" },
]

[[package]]
name = "polars-runtime-32"
version = "1.39.0"
source = { registry = "https://pypi.tuna.tsinghua.edu.cn/simple" }
sdist = { url = "https://pypi.tuna.tsinghua.edu.cn/packages/8b/1e/fce83ad77bfed1bf4a83f74dde19e2572c32fc040e93bd98d161e3950eaf/polars_runtime_32-1.39.0.tar.gz", hash = "sha256:f5aabed8c7318fcad5173e83bee385445f54b5f8c83b1ec9eab78bdffa293141", size = 2870686, upload-time = "2026-03-12T14:24:49.41Z" }
wheels = [
    { url = "https://pypi.tuna.tsinghua.edu.cn/packages/2b/6d/143b552baa9e859ae266f087f3ec0aeb29e5acc39e1f49c1a64023cee469/polars_runtime_32-1.39.0-cp310-abi3-macosx_10_12_x86_64.whl", hash = "sha256:4a4bc06ca97238d963979e3f888fbb500ee607f03cefe43a9062381e259503e2", size = 45299222, upload-time = "2026-03-12T14:22:40.821Z" },
    { url = "https://pypi.tuna.tsinghua.edu.cn/packages/97/ec/eb4e57eedfb97019f951b298fa4cd232a50db65aa6702c735b6f272a0fa0/polars_runtime_32-1.39.0-cp310-abi3-macosx_11_0_arm64.whl", hash = "sha256:e9914b9e168634bc21d07ee03b8fa92d0aaa8ac7b2bb1c9e2f1f78622aa1b8f4", size = 40863978, upload-time = "2026-03-12T14:22:45.16Z" },
    { url = "https://pypi.tuna.tsinghua.edu.cn/packages/5f/b7/28fa0345586f7c449dd27d687c32a10dcea470ebc5a978d7fc47e463b298/polars_runtime_32-1.39.0-cp310-abi3-manylinux_2_17_aarch64.manylinux2014_aarch64.whl", hash = "sha256:8ded58f1c28e17ecbff8625cb1ad93016761260348acb79b1a4cd077970e89e5", size = 43231627, upload-time = "2026-03-12T14:22:49.464Z" },
    { url = "https://pypi.tuna.tsinghua.edu.cn/packages/cf/60/c0d0b6720437685223457242a79f6bba443485ca85928645786479ebed86/polars_runtime_32-1.39.0-cp310-abi3-manylinux_2_17_x86_64.manylinux2014_x86_64.whl", hash = "sha256:b82c872b25ef6628462f90f1b6b3950779aee36889e83b3693d0a69684d3d86a", size = 46899324, upload-time = "2026-03-12T14:22:54.364Z" },
    { url = "https://pypi.tuna.tsinghua.edu.cn/packages/73/98/53ad9c8a6f151e098e4f65c5146f9e538f1ba148feb5289fd2a4c5e2d764/polars_runtime_32-1.39.0-cp310-abi3-musllinux_1_2_aarch64.whl", hash = "sha256:4a0e9d6b56362f3ba1a33d0538ae14c9b9a8e0fb835f86abfc82fa7b2c7d89c9", size = 43389283, upload-time = "2026-03-12T14:22:59.767Z" },
    { url = "https://pypi.tuna.tsinghua.edu.cn/packages/74/a2/21f77d6e588ee7c8e7f6232d135538690411de2ea6415d8bbe9b8d684f37/polars_runtime_32-1.39.0-cp310-abi3-musllinux_1_2_x86_64.whl", hash = "sha256:0daea3919661ba672b00bd01b5547cd29bb6414732457abb72cbc75103cf3c90", size = 46509946, upload-time = "2026-03-12T14:23:05.215Z" },
    { url = "https://pypi.tuna.tsinghua.edu.cn/packages/24/a3/37a56ad2d931c857b892b22760b9bf9a53f681d9ccf27741cf6dd8489320/polars_runtime_32-1.39.0-cp310-abi3-win_amd64.whl", hash = "sha256:d6e9d1cf264aacfe5bf03241c04ef435d0f9cfec3fbe079acc3a7328a737961a", size = 47012669, upload-time = "2026-03-12T14:23:11.134Z" },
    { url = "https://pypi.tuna.tsinghua.edu.cn/packages/b3/eb/936f5eeae196e8c8aaabe5f7d98891be8a5bbc741d50ce5c60f55575ad29/polars_runtime_32-1.39.0-cp310-abi3-win_arm64.whl", hash = "sha256:d69abde5f148566860bbe910010847bd7791e72f7c8063a4d2c462246a33a72a", size = 41885761, upload-time = "2026-03-12T14:23:16.773Z" },
]

[[package]]
name = "pygments"
version = "2.19.2"
source = { registry = "https://pypi.tuna.tsinghua.edu.cn/simple" }
sdist = { url = "https://pypi.tuna.tsinghua.edu.cn/packages/b0/77/a5b8c569bf593b0140bde72ea885a803b82086995367bf2037de0159d924/pygments-2.19.2.tar.gz", hash = "sha256:636cb2477cec7f8952536970bc533bc43743542f70392ae026374600add5b887", size = 4968631, upload-time = "2025-06-21T13:39:12.283Z" }
wheels = [
    { url = "https://pypi.tuna.tsinghua.edu.cn/packages/c7/21/705964c7812476f378728bdf590ca4b771ec72385c533964653c68e86bdc/pygments-2.19.2-py3-none-any.whl", hash = "sha256:86540386c03d588bb81d44bc3928634ff26449851e99741617ecb9037ee5ec0b", size = 1225217, upload-time = "2025-06-21T13:39:07.939Z" },
]

[[package]]
name = "pytest"
version = "9.0.2"
source = { registry = "https://pypi.tuna.tsinghua.edu.cn/simple" }
dependencies = [
    { name = "colorama", marker = "sys_platform == 'win32'" },
    { name = "iniconfig" },
    { name = "packaging" },
    { name = "pluggy" },
    { name = "pygments" },
]
sdist = { url = "https://pypi.tuna.tsinghua.edu.cn/packages/d1/db/7ef3487e0fb0049ddb5ce41d3a49c235bf9ad299b6a25d5780a89f19230f/pytest-9.0.2.tar.gz", hash = "sha256:75186651a92bd89611d1d9fc20f0b4345fd827c41ccd5c299a868a05d70edf11", size = 1568901, upload-time = "2025-12-06T21:30:51.014Z" }
wheels = [
    { url = "https://pypi.tuna.tsinghua.edu.cn/packages/3b/ab/b3226f0bd7cdcf710fbede2b3548584366da3b19b5021e74f5bde2a8fa3f/pytest-9.0.2-py3-none-any.whl", hash = "sha256:711ffd45bf766d5264d487b917733b453d917afd2b0ad65223959f59089f875b", size = 374801, upload-time = "2025-12-06T21:30:49.154Z" },
]

[[package]]
name = "pytest-timeout"
version = "2.4.0"
source = { registry = "https://pypi.tuna.tsinghua.edu.cn/simple" }
dependencies = [
    { name = "pytest" },
]
sdist = { url = "https://pypi.tuna.tsinghua.edu.cn/packages/ac/82/4c9ecabab13363e72d880f2fb504c5f750433b2b6f16e99f4ec21ada284c/pytest_timeout-2.4.0.tar.gz", hash = "sha256:7e68e90b01f9eff71332b25001f85c75495fc4e3a836701876183c4bcfd0540a", size = 17973, upload-time = "2025-05-05T19:44:34.99Z" }
wheels = [
    { url = "https://pypi.tuna.tsinghua.edu.cn/packages/fa/b6/3127540ecdf1464a00e5a01ee60a1b09175f6913f0644ac748494d9c4b21/pytest_timeout-2.4.0-py3-none-any.whl", hash = "sha256:c42667e5cdadb151aeb5b26d114aff6bdf5a907f176a007a30b940d3d865b5c2", size = 14382, upload-time = "2025-05-05T19:44:33.502Z" },
]

[[package]]
name = "pyyaml"
version = "6.0.3"
source = { registry = "https://pypi.tuna.tsinghua.edu.cn/simple" }
sdist = { url = "https://pypi.tuna.tsinghua.edu.cn/packages/05/8e/961c0007c59b8dd7729d542c61a4d537767a59645b82a0b521206e1e25c2/pyyaml-6.0.3.tar.gz", hash = "sha256:d76623373421df22fb4cf8817020cbb7ef15c725b9d5e45f17e189bfc384190f", size = 130960, upload-time = "2025-09-25T21:33:16.546Z" }
wheels = [
    { url = "https://pypi.tuna.tsinghua.edu.cn/packages/9d/8c/f4bd7f6465179953d3ac9bc44ac1a8a3e6122cf8ada906b4f96c60172d43/pyyaml-6.0.3-cp314-cp314-macosx_10_13_x86_64.whl", hash = "sha256:8d1fab6bb153a416f9aeb4b8763bc0f22a5586065f86f7664fc23339fc1c1fac", size = 181814, upload-time = "2025-09-25T21:32:35.712Z" },
    { url = "https://pypi.tuna.tsinghua.edu.cn/packages/bd/9c/4d95bb87eb2063d20db7b60faa3840c1b18025517ae857371c4dd55a6b3a/pyyaml-6.0.3-cp314-cp314-macosx_11_0_arm64.whl", hash = "sha256:34d5fcd24b8445fadc33f9cf348c1047101756fd760b4dacb5c3e99755703310", size = 173809, upload-time = "2025-09-25T21:32:36.789Z" },
    { url = "https://pypi.tuna.tsinghua.edu.cn/packages/92/b5/47e807c2623074914e29dabd16cbbdd4bf5e9b2db9f8090fa64411fc5382/pyyaml-6.0.3-cp314-cp314-manylinux2014_aarch64.manylinux_2_17_aarch64.manylinux_2_28_aarch64.whl", hash = "sha256:501a031947e3a9025ed4405a168e6ef5ae3126c59f90ce0cd6f2bfc477be31b7", size = 766454, upload-time = "2025-09-25T21:32:37.966Z" },
    { url = "https://pypi.tuna.tsinghua.edu.cn/packages/02/9e/e5e9b168be58564121efb3de6859c452fccde0ab093d8438905899a3a483/pyyaml-6.0.3-cp314-cp314-manylinux2014_s390x.manylinux_2_17_s390x.manylinux_2_28_s390x.whl", hash = "sha256:b3bc83488de33889877a0f2543ade9f70c67d66d9ebb4ac959502e12de895788", size = 836355, upload-time = "2025-09-25T21:32:39.178Z" },
    { url = "https://pypi.tuna.tsinghua.edu.cn/packages/88/f9/16491d7ed2a919954993e48aa941b200f38040928474c9e85ea9e64222c3/pyyaml-6.0.3-cp314-cp314-manylinux2014_x86_64.manylinux_2_17_x86_64.manylinux_2_28_x86_64.whl", hash = "sha256:c458b6d084f9b935061bc36216e8a69a7e293a2f1e68bf956dcd9e6cbcd143f5", size = 794175, upload-time = "2025-09-25T21:32:40.865Z" },
    { url = "https://pypi.tuna.tsinghua.edu.cn/packages/dd/3f/5989debef34dc6397317802b527dbbafb2b4760878a53d4166579111411e/pyyaml-6.0.3-cp314-cp314-musllinux_1_2_aarch64.whl", hash = "sha256:7c6610def4f163542a622a73fb39f534f8c101d690126992300bf3207eab9764", size = 755228, upload-time = "2025-09-25T21:32:42.084Z" },
    { url = "https://pypi.tuna.tsinghua.edu.cn/packages/d7/ce/af88a49043cd2e265be63d083fc75b27b6ed062f5f9fd6cdc223ad62f03e/pyyaml-6.0.3-cp314-cp314-musllinux_1_2_x86_64.whl", hash = "sha256:5190d403f121660ce8d1d2c1bb2ef1bd05b5f68533fc5c2ea899bd15f4399b35", size = 789194, upload-time = "2025-09-25T21:32:43.362Z" },
    { url = "https://pypi.tuna.tsinghua.edu.cn/packages/23/20/bb6982b26a40bb43951265ba29d4c246ef0ff59c9fdcdf0ed04e0687de4d/pyyaml-6.0.3-cp314-cp314-win_amd64.whl", hash = "sha256:4a2e8cebe2ff6ab7d1050ecd59c25d4c8bd7e6f400f5f82b96557ac0abafd0ac", size = 156429, upload-time = "2025-09-25T21:32:57.844Z" },
    { url = "https://pypi.tuna.tsinghua.edu.cn/packages/f4/f4/a4541072bb9422c8a883ab55255f918fa378ecf083f5b85e87fc2b4eda1b/pyyaml-6.0.3-cp314-cp314-win_arm64.whl", hash = "sha256:93dda82c9c22deb0a405ea4dc5f2d0cda384168e466364dec6255b293923b2f3", size = 143912, upload-time = "2025-09-25T21:32:59.247Z" },
    { url = "https://pypi.tuna.tsinghua.edu.cn/packages/7c/f9/07dd09ae774e4616edf6cda684ee78f97777bdd15847253637a6f052a62f/pyyaml-6.0.3-cp314-cp314t-macosx_10_13_x86_64.whl", hash = "sha256:02893d100e99e03eda1c8fd5c441d8c60103fd175728e23e431db1b589cf5ab3", size = 189108, upload-time = "2025-09-25T21:32:44.377Z" },
    { url = "https://pypi.tuna.tsinghua.edu.cn/packages/4e/78/8d08c9fb7ce09ad8c38ad533c1191cf27f7ae1effe5bb9400a46d9437fcf/pyyaml-6.0.3-cp314-cp314t-macosx_11_0_arm64.whl", hash = "sha256:c1ff362665ae507275af2853520967820d9124984e0f7466736aea23d8611fba", size = 183641, upload-time = "2025-09-25T21:32:45.407Z" },
    { url = "https://pypi.tuna.tsinghua.edu.cn/packages/7b/5b/3babb19104a46945cf816d047db2788bcaf8c94527a805610b0289a01c6b/pyyaml-6.0.3-cp314-cp314t-manylinux2014_aarch64.manylinux_2_17_aarch64.manylinux_2_28_aarch64.whl", hash = "sha256:6adc77889b628398debc7b65c073bcb99c4a0237b248cacaf3fe8a557563ef6c", size = 831901, upload-time = "2025-09-25T21:32:48.83Z" },
    { url = "https://pypi.tuna.tsinghua.edu.cn/packages/8b/cc/dff0684d8dc44da4d22a13f35f073d558c268780ce3c6ba1b87055bb0b87/pyyaml-6.0.3-cp314-cp314t-manylinux2014_s390x.manylinux_2_17_s390x.manylinux_2_28_s390x.whl", hash = "sha256:a80cb027f6b349846a3bf6d73b5e95e782175e52f22108cfa17876aaeff93702", size = 861132, upload-time = "2025-09-25T21:32:50.149Z" },
    { url = "https://pypi.tuna.tsinghua.edu.cn/packages/b1/5e/f77dc6b9036943e285ba76b49e118d9ea929885becb0a29ba8a7c75e29fe/pyyaml-6.0.3-cp314-cp314t-manylinux2014_x86_64.manylinux_2_17_x86_64.manylinux_2_28_x86_64.whl", hash = "sha256:00c4bdeba853cc34e7dd471f16b4114f4162dc03e6b7afcc2128711f0eca823c", size = 839261, upload-time = "2025-09-25T21:32:51.808Z" },
    { url = "https://pypi.tuna.tsinghua.edu.cn/packages/ce/88/a9db1376aa2a228197c58b37302f284b5617f56a5d959fd1763fb1675ce6/pyyaml-6.0.3-cp314-cp314t-musllinux_1_2_aarch64.whl", hash = "sha256:66e1674c3ef6f541c35191caae2d429b967b99e02040f5ba928632d9a7f0f065", size = 805272, upload-time = "2025-09-25T21:32:52.941Z" },
    { url = "https://pypi.tuna.tsinghua.edu.cn/packages/da/92/1446574745d74df0c92e6aa4a7b0b3130706a4142b2d1a5869f2eaa423c6/pyyaml-6.0.3-cp314-cp314t-musllinux_1_2_x86_64.whl", hash = "sha256:16249ee61e95f858e83976573de0f5b2893b3677ba71c9dd36b9cf8be9ac6d65", size = 829923, upload-time = "2025-09-25T21:32:54.537Z" },
    { url = "https://pypi.tuna.tsinghua.edu.cn/packages/f0/7a/1c7270340330e575b92f397352af856a8c06f230aa3e76f86b39d01b416a/pyyaml-6.0.3-cp314-cp314t-win_amd64.whl", hash = "sha256:4ad1906908f2f5ae4e5a8ddfce73c320c2a1429ec52eafd27138b7f1cbe341c9", size = 174062, upload-time = "2025-09-25T21:32:55.767Z" },
    { url = "https://pypi.tuna.tsinghua.edu.cn/packages/f1/12/de94a39c2ef588c7e6455cfbe7343d3b2dc9d6b6b2f40c4c6565744c873d/pyyaml-6.0.3-cp314-cp314t-win_arm64.whl", hash = "sha256:ebc55a14a21cb14062aa4162f906cd962b28e2e9ea38f9b4391244cd8de4ae0b", size = 149341, upload-time = "2025-09-25T21:32:56.828Z" },
]

[[package]]
name = "simplejson"
version = "3.20.2"
source = { registry = "https://pypi.tuna.tsinghua.edu.cn/simple" }
sdist = { url = "https://pypi.tuna.tsinghua.edu.cn/packages/41/f4/a1ac5ed32f7ed9a088d62a59d410d4c204b3b3815722e2ccfb491fa8251b/simplejson-3.20.2.tar.gz", hash = "sha256:5fe7a6ce14d1c300d80d08695b7f7e633de6cd72c80644021874d985b3393649", size = 85784, upload-time = "2025-09-26T16:29:36.64Z" }
wheels = [
    { url = "https://pypi.tuna.tsinghua.edu.cn/packages/05/5b/83e1ff87eb60ca706972f7e02e15c0b33396e7bdbd080069a5d1b53cf0d8/simplejson-3.20.2-py3-none-any.whl", hash = "sha256:3b6bb7fb96efd673eac2e4235200bfffdc2353ad12c54117e1e4e2fc485ac017", size = 57309, upload-time = "2025-09-26T16:29:35.312Z" },
]
